lockVersion: 2.0.0
id: e742591b-391d-4f4e-8484-d01a093b32ec
management:
  docChecksum: 911d74baa0d06121d2ce2c71d94e977a
  docVersion: 0.0.3
  speakeasyVersion: 1.299.6
  generationVersion: 2.338.12
  releaseVersion: 0.15.2
  configChecksum: 80655d110369ee1a8a44e1f18e401071
  repoURL: https://github.com/LukeHagar/plexterraform.git
  repoSubDirectory: .
  published: true
features:
  terraform:
    additionalDependencies: 0.1.0
    constsAndDefaults: 0.1.4
    core: 3.21.2
    globalSecurity: 2.81.6
    globalServerURLs: 2.82.1
    globals: 2.82.1
    methodServerURLs: 2.82.1
    nameOverrides: 2.81.2
generatedFiles:
  - internal/sdk/server.go
  - internal/sdk/media.go
  - internal/sdk/video.go
  - internal/sdk/activities.go
  - internal/sdk/butler.go
  - internal/sdk/hubs.go
  - internal/sdk/search.go
  - internal/sdk/library.go
  - internal/sdk/log.go
  - internal/sdk/plex.go
  - internal/sdk/playlists.go
  - internal/sdk/authentication.go
  - internal/sdk/statistics.go
  - internal/sdk/sessions.go
  - internal/sdk/updater.go
  - internal/sdk/plexapi.go
  - internal/sdk/models/errors/sdkerror.go
  - internal/sdk/types/bigint.go
  - internal/sdk/types/date.go
  - internal/sdk/types/datetime.go
  - internal/sdk/types/decimal.go
  - internal/sdk/types/pointers.go
  - internal/sdk/internal/utils/contenttype.go
  - internal/sdk/internal/utils/form.go
  - internal/sdk/internal/utils/headers.go
  - internal/sdk/internal/utils/json.go
  - internal/sdk/internal/utils/pathparams.go
  - internal/sdk/internal/utils/queryparams.go
  - internal/sdk/internal/utils/requestbody.go
  - internal/sdk/internal/utils/retries.go
  - internal/sdk/internal/utils/security.go
  - internal/sdk/internal/utils/utils.go
  - internal/sdk/internal/globals/globals.go
  - internal/sdk/models/operations/getservercapabilities.go
  - internal/sdk/models/operations/getserverpreferences.go
  - internal/sdk/models/operations/getavailableclients.go
  - internal/sdk/models/operations/getdevices.go
  - internal/sdk/models/operations/getserveridentity.go
  - internal/sdk/models/operations/getmyplexaccount.go
  - internal/sdk/models/operations/getresizedphoto.go
  - internal/sdk/models/operations/getserverlist.go
  - internal/sdk/models/operations/markplayed.go
  - internal/sdk/models/operations/markunplayed.go
  - internal/sdk/models/operations/updateplayprogress.go
  - internal/sdk/models/operations/gettimeline.go
  - internal/sdk/models/operations/startuniversaltranscode.go
  - internal/sdk/models/operations/getserveractivities.go
  - internal/sdk/models/operations/cancelserveractivities.go
  - internal/sdk/models/operations/getbutlertasks.go
  - internal/sdk/models/operations/startalltasks.go
  - internal/sdk/models/operations/stopalltasks.go
  - internal/sdk/models/operations/starttask.go
  - internal/sdk/models/operations/stoptask.go
  - internal/sdk/models/operations/getglobalhubs.go
  - internal/sdk/models/operations/getlibraryhubs.go
  - internal/sdk/models/operations/performsearch.go
  - internal/sdk/models/operations/performvoicesearch.go
  - internal/sdk/models/operations/getsearchresults.go
  - internal/sdk/models/operations/getfilehash.go
  - internal/sdk/models/operations/getrecentlyadded.go
  - internal/sdk/models/operations/getlibraries.go
  - internal/sdk/models/operations/getlibrary.go
  - internal/sdk/models/operations/deletelibrary.go
  - internal/sdk/models/operations/getlibraryitems.go
  - internal/sdk/models/operations/refreshlibrary.go
  - internal/sdk/models/operations/searchlibrary.go
  - internal/sdk/models/operations/getmetadata.go
  - internal/sdk/models/operations/getmetadatachildren.go
  - internal/sdk/models/operations/getondeck.go
  - internal/sdk/models/operations/logline.go
  - internal/sdk/models/operations/logmultiline.go
  - internal/sdk/models/operations/enablepapertrail.go
  - internal/sdk/models/operations/getpin.go
  - internal/sdk/models/operations/gettoken.go
  - internal/sdk/models/operations/createplaylist.go
  - internal/sdk/models/operations/getplaylists.go
  - internal/sdk/models/operations/getplaylist.go
  - internal/sdk/models/operations/deleteplaylist.go
  - internal/sdk/models/operations/updateplaylist.go
  - internal/sdk/models/operations/getplaylistcontents.go
  - internal/sdk/models/operations/clearplaylistcontents.go
  - internal/sdk/models/operations/addplaylistcontents.go
  - internal/sdk/models/operations/uploadplaylist.go
  - internal/sdk/models/operations/gettransienttoken.go
  - internal/sdk/models/operations/getsourceconnectioninformation.go
  - internal/sdk/models/operations/getstatistics.go
  - internal/sdk/models/operations/getsessions.go
  - internal/sdk/models/operations/getsessionhistory.go
  - internal/sdk/models/operations/gettranscodesessions.go
  - internal/sdk/models/operations/stoptranscodesession.go
  - internal/sdk/models/operations/getupdatestatus.go
  - internal/sdk/models/operations/checkforupdates.go
  - internal/sdk/models/operations/applyupdates.go
  - internal/sdk/models/shared/security.go
  - internal/sdk/.gitignore
  - internal/sdk/models/operations/options.go
  - internal/sdk/.gitattributes
  - internal/sdk/internal/hooks/registration.go
  - internal/sdk/internal/hooks/hooks.go
  - examples/README.md
  - go.mod
  - go.sum
  - internal/planmodifiers/boolplanmodifier/suppress_diff.go
  - internal/planmodifiers/float64planmodifier/suppress_diff.go
  - internal/planmodifiers/int64planmodifier/suppress_diff.go
  - internal/planmodifiers/listplanmodifier/suppress_diff.go
  - internal/planmodifiers/mapplanmodifier/suppress_diff.go
  - internal/planmodifiers/numberplanmodifier/suppress_diff.go
  - internal/planmodifiers/objectplanmodifier/suppress_diff.go
  - internal/planmodifiers/setplanmodifier/suppress_diff.go
  - internal/planmodifiers/stringplanmodifier/suppress_diff.go
  - internal/planmodifiers/utils/state_check.go
  - internal/provider/reflect/diags.go
  - internal/provider/reflect/doc.go
  - internal/provider/reflect/generic_attr_value.go
  - internal/provider/reflect/helpers.go
  - internal/provider/reflect/interfaces.go
  - internal/provider/reflect/into.go
  - internal/provider/reflect/map.go
  - internal/provider/reflect/number.go
  - internal/provider/reflect/options.go
  - internal/provider/reflect/outof.go
  - internal/provider/reflect/pointer.go
  - internal/provider/reflect/primitive.go
  - internal/provider/reflect/slice.go
  - internal/provider/reflect/struct.go
  - internal/provider/utils.go
  - internal/validators/DateValidator.go
  - internal/validators/ExactlyOneChild.go
  - internal/validators/JSONParseValidator.go
  - internal/validators/RFC3339Validator.go
  - internal/validators/boolvalidators/not_null.go
  - internal/validators/float64validators/not_null.go
  - internal/validators/int64validators/not_null.go
  - internal/validators/listvalidators/not_null.go
  - internal/validators/mapvalidators/not_null.go
  - internal/validators/numbervalidators/not_null.go
  - internal/validators/objectvalidators/not_null.go
  - internal/validators/setvalidators/not_null.go
  - internal/validators/stringvalidators/not_null.go
  - main.go
  - terraform-registry-manifest.json
  - tools/tools.go
  - USAGE.md
  - internal/provider/provider.go
  - examples/provider/provider.tf
  - .gitattributes
