lockVersion: 2.0.0
id: e742591b-391d-4f4e-8484-d01a093b32ec
management:
  docChecksum: 45c73686e6dbe8c29b7e2857b6194ccf
  docVersion: 0.0.3
  speakeasyVersion: internal
  generationVersion: 2.237.2
  releaseVersion: 0.2.4
  configChecksum: 3eabe9635f0405c71d695a4559488aae
  repoURL: https://github.com/LukeHagar/plexterraform.git
  repoSubDirectory: .
  published: true
features:
  terraform:
    constsAndDefaults: 0.1.2
    core: 3.8.4
    globalSecurity: 2.81.3
    globalServerURLs: 2.82.1
    nameOverrides: 2.81.1
generatedFiles:
  - internal/sdk/server.go
  - internal/sdk/media.go
  - internal/sdk/activities.go
  - internal/sdk/butler.go
  - internal/sdk/hubs.go
  - internal/sdk/search.go
  - internal/sdk/library.go
  - internal/sdk/log.go
  - internal/sdk/playlists.go
  - internal/sdk/security.go
  - internal/sdk/sessions.go
  - internal/sdk/updater.go
  - internal/sdk/video.go
  - internal/sdk/sdk.go
  - examples/README.md
  - go.mod
  - go.sum
  - internal/planmodifiers/boolplanmodifier/suppress_diff.go
  - internal/planmodifiers/float64planmodifier/suppress_diff.go
  - internal/planmodifiers/int64planmodifier/suppress_diff.go
  - internal/planmodifiers/listplanmodifier/suppress_diff.go
  - internal/planmodifiers/mapplanmodifier/suppress_diff.go
  - internal/planmodifiers/numberplanmodifier/suppress_diff.go
  - internal/planmodifiers/objectplanmodifier/suppress_diff.go
  - internal/planmodifiers/setplanmodifier/suppress_diff.go
  - internal/planmodifiers/stringplanmodifier/suppress_diff.go
  - internal/planmodifiers/utils/state_check.go
  - internal/provider/reflect/diags.go
  - internal/provider/reflect/doc.go
  - internal/provider/reflect/generic_attr_value.go
  - internal/provider/reflect/helpers.go
  - internal/provider/reflect/interfaces.go
  - internal/provider/reflect/into.go
  - internal/provider/reflect/map.go
  - internal/provider/reflect/number.go
  - internal/provider/reflect/options.go
  - internal/provider/reflect/outof.go
  - internal/provider/reflect/pointer.go
  - internal/provider/reflect/primitive.go
  - internal/provider/reflect/slice.go
  - internal/provider/reflect/struct.go
  - internal/provider/utils.go
  - internal/sdk/pkg/models/sdkerrors/sdkerror.go
  - internal/sdk/pkg/types/bigint.go
  - internal/sdk/pkg/types/date.go
  - internal/sdk/pkg/types/datetime.go
  - internal/sdk/pkg/types/decimal.go
  - internal/sdk/pkg/types/pointers.go
  - internal/sdk/pkg/utils/contenttype.go
  - internal/sdk/pkg/utils/form.go
  - internal/sdk/pkg/utils/headers.go
  - internal/sdk/pkg/utils/json.go
  - internal/sdk/pkg/utils/pathparams.go
  - internal/sdk/pkg/utils/queryparams.go
  - internal/sdk/pkg/utils/requestbody.go
  - internal/sdk/pkg/utils/retries.go
  - internal/sdk/pkg/utils/security.go
  - internal/sdk/pkg/utils/utils.go
  - internal/validators/DateValidator.go
  - internal/validators/ExactlyOneChild.go
  - internal/validators/JSONParseValidator.go
  - internal/validators/RFC3339Validator.go
  - internal/validators/boolvalidators/not_null.go
  - internal/validators/float64validators/not_null.go
  - internal/validators/int64validators/not_null.go
  - internal/validators/listvalidators/not_null.go
  - internal/validators/mapvalidators/not_null.go
  - internal/validators/numbervalidators/not_null.go
  - internal/validators/objectvalidators/not_null.go
  - internal/validators/setvalidators/not_null.go
  - internal/validators/stringvalidators/not_null.go
  - main.go
  - terraform-registry-manifest.json
  - tools/tools.go
  - internal/sdk/pkg/models/operations/getservercapabilities.go
  - internal/sdk/pkg/models/operations/getserverpreferences.go
  - internal/sdk/pkg/models/operations/getavailableclients.go
  - internal/sdk/pkg/models/operations/getdevices.go
  - internal/sdk/pkg/models/operations/getserveridentity.go
  - internal/sdk/pkg/models/operations/getmyplexaccount.go
  - internal/sdk/pkg/models/operations/getresizedphoto.go
  - internal/sdk/pkg/models/operations/getserverlist.go
  - internal/sdk/pkg/models/operations/markplayed.go
  - internal/sdk/pkg/models/operations/markunplayed.go
  - internal/sdk/pkg/models/operations/updateplayprogress.go
  - internal/sdk/pkg/models/operations/getserveractivities.go
  - internal/sdk/pkg/models/operations/cancelserveractivities.go
  - internal/sdk/pkg/models/operations/getbutlertasks.go
  - internal/sdk/pkg/models/operations/startalltasks.go
  - internal/sdk/pkg/models/operations/stopalltasks.go
  - internal/sdk/pkg/models/operations/starttask.go
  - internal/sdk/pkg/models/operations/stoptask.go
  - internal/sdk/pkg/models/operations/getglobalhubs.go
  - internal/sdk/pkg/models/operations/getlibraryhubs.go
  - internal/sdk/pkg/models/operations/performsearch.go
  - internal/sdk/pkg/models/operations/performvoicesearch.go
  - internal/sdk/pkg/models/operations/getsearchresults.go
  - internal/sdk/pkg/models/operations/getfilehash.go
  - internal/sdk/pkg/models/operations/getrecentlyadded.go
  - internal/sdk/pkg/models/operations/getlibraries.go
  - internal/sdk/pkg/models/operations/getlibrary.go
  - internal/sdk/pkg/models/operations/deletelibrary.go
  - internal/sdk/pkg/models/operations/getlibraryitems.go
  - internal/sdk/pkg/models/operations/refreshlibrary.go
  - internal/sdk/pkg/models/operations/getlatestlibraryitems.go
  - internal/sdk/pkg/models/operations/getcommonlibraryitems.go
  - internal/sdk/pkg/models/operations/getmetadata.go
  - internal/sdk/pkg/models/operations/getmetadatachildren.go
  - internal/sdk/pkg/models/operations/getondeck.go
  - internal/sdk/pkg/models/operations/logline.go
  - internal/sdk/pkg/models/operations/logmultiline.go
  - internal/sdk/pkg/models/operations/enablepapertrail.go
  - internal/sdk/pkg/models/operations/createplaylist.go
  - internal/sdk/pkg/models/operations/getplaylists.go
  - internal/sdk/pkg/models/operations/getplaylist.go
  - internal/sdk/pkg/models/operations/deleteplaylist.go
  - internal/sdk/pkg/models/operations/updateplaylist.go
  - internal/sdk/pkg/models/operations/getplaylistcontents.go
  - internal/sdk/pkg/models/operations/clearplaylistcontents.go
  - internal/sdk/pkg/models/operations/addplaylistcontents.go
  - internal/sdk/pkg/models/operations/uploadplaylist.go
  - internal/sdk/pkg/models/operations/gettransienttoken.go
  - internal/sdk/pkg/models/operations/getsourceconnectioninformation.go
  - internal/sdk/pkg/models/operations/getsessions.go
  - internal/sdk/pkg/models/operations/getsessionhistory.go
  - internal/sdk/pkg/models/operations/gettranscodesessions.go
  - internal/sdk/pkg/models/operations/stoptranscodesession.go
  - internal/sdk/pkg/models/operations/getupdatestatus.go
  - internal/sdk/pkg/models/operations/checkforupdates.go
  - internal/sdk/pkg/models/operations/applyupdates.go
  - internal/sdk/pkg/models/operations/startuniversaltranscode.go
  - internal/sdk/pkg/models/operations/gettimeline.go
  - internal/sdk/pkg/models/shared/security.go
  - USAGE.md
  - internal/provider/provider.go
  - examples/provider/provider.tf
  - .gitattributes
