speakeasyVersion: 1.308.1
sources:
    my-source:
        sourceNamespace: my-source
        sourceRevisionDigest: sha256:632b003c96a45adc5055cf572c4f68c55bc30ef2c1e78f117c8252a940fe2aac
        sourceBlobDigest: sha256:73da4378fd215db15f6cbb427c72561917d73a0b910691e12f857e24ac391182
        tags:
            - latest
            - main
targets:
    plexterraform:
        source: my-source
        sourceNamespace: my-source
        sourceRevisionDigest: sha256:632b003c96a45adc5055cf572c4f68c55bc30ef2c1e78f117c8252a940fe2aac
        sourceBlobDigest: sha256:73da4378fd215db15f6cbb427c72561917d73a0b910691e12f857e24ac391182
        outLocation: /github/workspace/repo
workflow:
    workflowVersion: 1.0.0
    speakeasyVersion: latest
    sources:
        my-source:
            inputs:
                - location: https://raw.githubusercontent.com/LukeHagar/plex-api-spec/main/plex-media-server-spec-dereferenced.yaml
            registry:
                location: registry.speakeasyapi.dev/lukehagar/lukehagar/my-source
    targets:
        plexterraform:
            target: terraform
            source: my-source
