speakeasyVersion: 1.315.2
sources:
    my-source:
        sourceNamespace: my-source
        sourceRevisionDigest: sha256:fc8c57799265e6d97eb3dd950047ab446a4c557e6d0053738086106b644100aa
        sourceBlobDigest: sha256:df8e5920d088dec4e88892a31807ddbd2c8f2e313186e4a5a065c10214c1732c
        tags:
            - latest
            - main
targets:
    plexterraform:
        source: my-source
        sourceNamespace: my-source
        sourceRevisionDigest: sha256:fc8c57799265e6d97eb3dd950047ab446a4c557e6d0053738086106b644100aa
        sourceBlobDigest: sha256:df8e5920d088dec4e88892a31807ddbd2c8f2e313186e4a5a065c10214c1732c
        outLocation: /github/workspace/repo
workflow:
    workflowVersion: 1.0.0
    speakeasyVersion: latest
    sources:
        my-source:
            inputs:
                - location: https://raw.githubusercontent.com/LukeHagar/plex-api-spec/main/plex-media-server-spec-dereferenced.yaml
            registry:
                location: registry.speakeasyapi.dev/lukehagar/lukehagar/my-source
    targets:
        plexterraform:
            target: terraform
            source: my-source
