speakeasyVersion: 1.299.3
sources:
    my-source:
        sourceNamespace: my-source
        sourceRevisionDigest: sha256:a474977bec4eba1ad2664dd47abb64e2fcd822f2d7fb1c05f1a6415fc9d3b684
        sourceBlobDigest: sha256:08370a8008f0adf6a79d324532055e76d49b254049c1c0a3d6d01e15cd21d91a
        tags:
            - latest
            - main
targets:
    plexterraform:
        source: my-source
        sourceNamespace: my-source
        sourceRevisionDigest: sha256:a474977bec4eba1ad2664dd47abb64e2fcd822f2d7fb1c05f1a6415fc9d3b684
        sourceBlobDigest: sha256:08370a8008f0adf6a79d324532055e76d49b254049c1c0a3d6d01e15cd21d91a
        outLocation: /github/workspace/repo
workflow:
    workflowVersion: 1.0.0
    speakeasyVersion: latest
    sources:
        my-source:
            inputs:
                - location: https://raw.githubusercontent.com/LukeHagar/plex-api-spec/main/plex-media-server-spec-dereferenced.yaml
            registry:
                location: registry.speakeasyapi.dev/lukehagar/lukehagar/my-source
    targets:
        plexterraform:
            target: terraform
            source: my-source
